{
  "requires": true,
  "lockfileVersion": 1,
  "dependencies": {
    "asn1.js": {
      "version": "5.3.0",
      "resolved": "https://registry.npmjs.org/asn1.js/-/asn1.js-5.3.0.tgz",
      "integrity": "sha512-WHnQJFcOrIWT1RLOkFFBQkFVvyt9BPOOrH+Dp152Zk4R993rSzXUGPmkybIcUFhHE2d/iHH+nCaOWVCDbO8fgA==",
      "requires": {
        "bn.js": "^4.0.0",
        "inherits": "^2.0.1",
        "minimalistic-assert": "^1.0.0",
        "safer-buffer": "^2.1.0"
      },
      "dependencies": {
        "bn.js": {
          "version": "4.11.8",
          "resolved": "https://registry.npmjs.org/bn.js/-/bn.js-4.11.8.tgz",
          "integrity": "sha512-ItfYfPLkWHUjckQCk8xC+LwxgK8NYcXywGigJgSwOP8Y2iyWT4f2vsZnoOXTTbo+o5yXmIUJ4gn5538SO5S3gA=="
        }
      }
    },
    "asn1.js-rfc5280": {
      "version": "3.0.0",
      "resolved": "https://registry.npmjs.org/asn1.js-rfc5280/-/asn1.js-rfc5280-3.0.0.tgz",
      "integrity": "sha512-Y2LZPOWeZ6qehv698ZgOGGCZXBQShObWnGthTrIFlIQjuV1gg2B8QOhWFRExq/MR1VnPpIIe7P9vX2vElxv+Pg==",
      "requires": {
        "asn1.js": "^5.0.0"
      }
    },
    "base64-js": {
      "version": "1.3.1",
      "resolved": "https://registry.npmjs.org/base64-js/-/base64-js-1.3.1.tgz",
      "integrity": "sha512-mLQ4i2QO1ytvGWFWmcngKO//JXAQueZvwEKtjgQFM4jIK0kU+ytMfplL8j+n5mspOfjHwoAg+9yhb7BwAHm36g=="
    },
    "bn.js": {
      "version": "5.1.1",
      "resolved": "https://registry.npmjs.org/bn.js/-/bn.js-5.1.1.tgz",
      "integrity": "sha512-IUTD/REb78Z2eodka1QZyyEk66pciRcP6Sroka0aI3tG/iwIdYLrBD62RsubR7vqdt3WyX8p4jxeatzmRSphtA=="
    },
    "brorand": {
      "version": "1.1.0",
      "resolved": "https://registry.npmjs.org/brorand/-/brorand-1.1.0.tgz",
      "integrity": "sha1-EsJe/kCkXjwyPrhnWgoM5XsiNx8="
    },
    "buffer": {
      "version": "5.4.3",
      "resolved": "https://registry.npmjs.org/buffer/-/buffer-5.4.3.tgz",
      "integrity": "sha512-zvj65TkFeIt3i6aj5bIvJDzjjQQGs4o/sNoezg1F1kYap9Nu2jcUdpwzRSJTHMMzG0H7bZkn4rNQpImhuxWX2A==",
      "requires": {
        "base64-js": "^1.0.2",
        "ieee754": "^1.1.4"
      }
    },
    "capture-stack-trace": {
      "version": "1.0.1",
      "resolved": "https://registry.npmjs.org/capture-stack-trace/-/capture-stack-trace-1.0.1.tgz",
      "integrity": "sha512-mYQLZnx5Qt1JgB1WEiMCf2647plpGeQ2NMR/5L0HNZzGQo4fuSPnK+wjfPnKZV0aiJDgzmWqqkV/g7JD+DW0qw=="
    },
    "charenc": {
      "version": "0.0.2",
      "resolved": "https://registry.npmjs.org/charenc/-/charenc-0.0.2.tgz",
      "integrity": "sha1-wKHS86cJLgN3S/qD8UwPxXkKhmc="
    },
    "create-error-class": {
      "version": "3.0.2",
      "resolved": "https://registry.npmjs.org/create-error-class/-/create-error-class-3.0.2.tgz",
      "integrity": "sha1-Br56vvlHo/FKMP1hBnHUAbyot7Y=",
      "requires": {
        "capture-stack-trace": "^1.0.0"
      }
    },
    "crypt": {
      "version": "0.0.2",
      "resolved": "https://registry.npmjs.org/crypt/-/crypt-0.0.2.tgz",
      "integrity": "sha1-iNf/fsDfuG9xPch7u0LQRNPmxBs="
    },
    "deep-extend": {
      "version": "0.6.0",
      "resolved": "https://registry.npmjs.org/deep-extend/-/deep-extend-0.6.0.tgz",
      "integrity": "sha512-LOHxIOaPYdHlJRtCQfDIVZtfw/ufM8+rVj649RIHzcm/vGwQRXFt6OPqIFWsm2XEMrNIEtWR64sY1LEKD2vAOA=="
    },
    "des.js": {
      "version": "1.0.1",
      "resolved": "https://registry.npmjs.org/des.js/-/des.js-1.0.1.tgz",
      "integrity": "sha512-Q0I4pfFrv2VPd34/vfLrFOoRmlYj3OV50i7fskps1jZWK1kApMWWT9G6RRUeYedLcBDIhnSDaUvJMb3AhUlaEA==",
      "requires": {
        "inherits": "^2.0.1",
        "minimalistic-assert": "^1.0.0"
      }
    },
    "duplexer3": {
      "version": "0.1.4",
      "resolved": "https://registry.npmjs.org/duplexer3/-/duplexer3-0.1.4.tgz",
      "integrity": "sha1-7gHdHKwO08vH/b6jfcCo8c4ALOI="
    },
    "elliptic": {
      "version": "6.5.2",
      "resolved": "https://registry.npmjs.org/elliptic/-/elliptic-6.5.2.tgz",
      "integrity": "sha512-f4x70okzZbIQl/NSRLkI/+tteV/9WqL98zx+SQ69KbXxmVrmjwsNUPn/gYJJ0sHvEak24cZgHIPegRePAtA/xw==",
      "requires": {
        "bn.js": "^4.4.0",
        "brorand": "^1.0.1",
        "hash.js": "^1.0.0",
        "hmac-drbg": "^1.0.0",
        "inherits": "^2.0.1",
        "minimalistic-assert": "^1.0.0",
        "minimalistic-crypto-utils": "^1.0.0"
      },
      "dependencies": {
        "bn.js": {
          "version": "4.11.8",
          "resolved": "https://registry.npmjs.org/bn.js/-/bn.js-4.11.8.tgz",
          "integrity": "sha512-ItfYfPLkWHUjckQCk8xC+LwxgK8NYcXywGigJgSwOP8Y2iyWT4f2vsZnoOXTTbo+o5yXmIUJ4gn5538SO5S3gA=="
        }
      }
    },
    "get-stream": {
      "version": "3.0.0",
      "resolved": "https://registry.npmjs.org/get-stream/-/get-stream-3.0.0.tgz",
      "integrity": "sha1-jpQ9E1jcN1VQVOy+LtsFqhdO3hQ="
    },
    "got": {
      "version": "6.7.1",
      "resolved": "https://registry.npmjs.org/got/-/got-6.7.1.tgz",
      "integrity": "sha1-JAzQV4WpoY5WHcG0S0HHY+8ejbA=",
      "requires": {
        "create-error-class": "^3.0.0",
        "duplexer3": "^0.1.4",
        "get-stream": "^3.0.0",
        "is-redirect": "^1.0.0",
        "is-retry-allowed": "^1.0.0",
        "is-stream": "^1.0.0",
        "lowercase-keys": "^1.0.0",
        "safe-buffer": "^5.0.1",
        "timed-out": "^4.0.0",
        "unzip-response": "^2.0.1",
        "url-parse-lax": "^1.0.0"
      }
    },
    "hash.js": {
      "version": "1.1.7",
      "resolved": "https://registry.npmjs.org/hash.js/-/hash.js-1.1.7.tgz",
      "integrity": "sha512-taOaskGt4z4SOANNseOviYDvjEJinIkRgmp7LbKP2YTTmVxWBl87s/uzK9r+44BclBSp2X7K1hqeNfz9JbBeXA==",
      "requires": {
        "inherits": "^2.0.3",
        "minimalistic-assert": "^1.0.1"
      }
    },
    "hmac-drbg": {
      "version": "1.0.1",
      "resolved": "https://registry.npmjs.org/hmac-drbg/-/hmac-drbg-1.0.1.tgz",
      "integrity": "sha1-0nRXAQJabHdabFRXk+1QL8DGSaE=",
      "requires": {
        "hash.js": "^1.0.3",
        "minimalistic-assert": "^1.0.0",
        "minimalistic-crypto-utils": "^1.0.1"
      }
    },
    "ieee754": {
      "version": "1.1.13",
      "resolved": "https://registry.npmjs.org/ieee754/-/ieee754-1.1.13.tgz",
      "integrity": "sha512-4vf7I2LYV/HaWerSo3XmlMkp5eZ83i+/CDluXi/IGTs/O1sejBNhTtnxzmRZfvOUqj7lZjqHkeTvpgSFDlWZTg=="
    },
    "inherits": {
      "version": "2.0.4",
      "resolved": "https://registry.npmjs.org/inherits/-/inherits-2.0.4.tgz",
      "integrity": "sha512-k/vGaX4/Yla3WzyMCvTQOXYeIHvqOKtnqBduzTHpzpQZzAskKMhZ2K+EnBiSM9zGSoIFeMpXKxa4dYeZIQqewQ=="
    },
    "ini": {
      "version": "1.3.5",
      "resolved": "https://registry.npmjs.org/ini/-/ini-1.3.5.tgz",
      "integrity": "sha512-RZY5huIKCMRWDUqZlEi72f/lmXKMvuszcMBduliQ3nnWbx9X/ZBQO7DijMEYS9EhHBb2qacRUMtC7svLwe0lcw=="
    },
    "ip": {
      "version": "1.1.5",
      "resolved": "https://registry.npmjs.org/ip/-/ip-1.1.5.tgz",
      "integrity": "sha1-vd7XARQpCCjAoDnnLvJfWq7ENUo="
    },
    "is-buffer": {
      "version": "1.1.6",
      "resolved": "https://registry.npmjs.org/is-buffer/-/is-buffer-1.1.6.tgz",
      "integrity": "sha512-NcdALwpXkTm5Zvvbk7owOUSvVvBKDgKP5/ewfXEznmQFfs4ZRmanOeKBTjRVjka3QFoN6XJ+9F3USqfHqTaU5w=="
    },
    "is-redirect": {
      "version": "1.0.0",
      "resolved": "https://registry.npmjs.org/is-redirect/-/is-redirect-1.0.0.tgz",
      "integrity": "sha1-HQPd7VO9jbDzDCbk+V02/HyH3CQ="
    },
    "is-retry-allowed": {
      "version": "1.2.0",
      "resolved": "https://registry.npmjs.org/is-retry-allowed/-/is-retry-allowed-1.2.0.tgz",
      "integrity": "sha512-RUbUeKwvm3XG2VYamhJL1xFktgjvPzL0Hq8C+6yrWIswDy3BIXGqCxhxkc30N9jqK311gVU137K8Ei55/zVJRg=="
    },
    "is-stream": {
      "version": "1.1.0",
      "resolved": "https://registry.npmjs.org/is-stream/-/is-stream-1.1.0.tgz",
      "integrity": "sha1-EtSj3U5o4Lec6428hBc66A2RykQ="
    },
    "js-crypto-aes": {
      "version": "0.7.3",
      "resolved": "https://registry.npmjs.org/js-crypto-aes/-/js-crypto-aes-0.7.3.tgz",
      "integrity": "sha512-i8b4+j4J5fd6ss9UoBKKuX4Dgb5ZCztIL0wdmmiGnnCRL89FoBrOmECi1M0XfonWjshV4uexnBLyDztqjsDeJw==",
      "requires": {
        "js-crypto-env": "^0.3.2"
      }
    },
    "js-crypto-ec": {
      "version": "0.6.3",
      "resolved": "https://registry.npmjs.org/js-crypto-ec/-/js-crypto-ec-0.6.3.tgz",
      "integrity": "sha512-El9nAI5GnR8XhmSNbxx4vtXhovow9U4XsqLLwLQRb/3VZ4UHev4+ppOnQCx16aAoHDwKUUBDVd6z3wHRqBemmA==",
      "requires": {
        "asn1.js": "~5.3.0",
        "buffer": "~5.4.0",
        "elliptic": "~6.5.0",
        "js-crypto-env": "^0.3.2",
        "js-crypto-hash": "^0.6.3",
        "js-crypto-key-utils": "^0.7.3",
        "js-crypto-random": "^0.4.3",
        "js-encoding-utils": "0.5.6"
      }
    },
    "js-crypto-env": {
      "version": "0.3.2",
      "resolved": "https://registry.npmjs.org/js-crypto-env/-/js-crypto-env-0.3.2.tgz",
      "integrity": "sha512-F1uHiCkSOo36qBuuZABA4sBf+xeFBzhJZ0Sd7af8FAruszIhm1Xxv+Zr5Ne90Zlh7/fnxCsrdkj0N8f0a3lVlQ=="
    },
    "js-crypto-hash": {
      "version": "0.6.3",
      "resolved": "https://registry.npmjs.org/js-crypto-hash/-/js-crypto-hash-0.6.3.tgz",
      "integrity": "sha512-SG8c9tM8y3sUb4k7WvpVfu5vU7zfPvX+eaYR5578TvehkehdaQbqAc+y+1FwxnqQ3WZ0gsYoOKp/mW+mqtNoWA==",
      "requires": {
        "buffer": "~5.4.3",
        "hash.js": "~1.1.7",
        "js-crypto-env": "^0.3.2",
        "md5": "~2.2.1",
        "sha3": "~2.1.0"
      }
    },
    "js-crypto-hmac": {
      "version": "0.6.3",
      "resolved": "https://registry.npmjs.org/js-crypto-hmac/-/js-crypto-hmac-0.6.3.tgz",
      "integrity": "sha512-T0pKOaHACOSG6Xs6/06G8RDDeZouQwIQNBq9L/zoUGsd4F67gAjpT3q2lGigAGpUd1hiyy7vnhvLpz7VDt6DbA==",
      "requires": {
        "js-crypto-env": "^0.3.2",
        "js-crypto-hash": "^0.6.3"
      }
    },
    "js-crypto-key-utils": {
      "version": "0.7.3",
      "resolved": "https://registry.npmjs.org/js-crypto-key-utils/-/js-crypto-key-utils-0.7.3.tgz",
      "integrity": "sha512-gblNTPAthD0yYW4Z/R//GP30bZ1Y9sV7rlu+GFag58+ndAPaqzn0/C1NnG8OqwoyHphrrU3ffnxvPlGVpAXZYA==",
      "requires": {
        "asn1.js": "~5.3.0",
        "buffer": "~5.4.0",
        "des.js": "~1.0.0",
        "elliptic": "~6.5.0",
        "js-crypto-aes": "^0.7.3",
        "js-crypto-hash": "^0.6.3",
        "js-crypto-pbkdf": "^0.5.3",
        "js-crypto-random": "^0.4.3",
        "js-encoding-utils": "0.5.6",
        "lodash.clonedeep": "~4.5.0"
      }
    },
    "js-crypto-pbkdf": {
      "version": "0.5.3",
      "resolved": "https://registry.npmjs.org/js-crypto-pbkdf/-/js-crypto-pbkdf-0.5.3.tgz",
      "integrity": "sha512-2mBlbmC7lKHeb8drBiN+P2tOfu8IYdDGb3arilPnsurIcoLvMeCBHQIk8rs6xgOAExkPGFhF+gnoUg+/sIkLKg==",
      "requires": {
        "js-crypto-hash": "^0.6.3",
        "js-crypto-hmac": "^0.6.3",
        "js-encoding-utils": "0.5.6"
      }
    },
    "js-crypto-random": {
      "version": "0.4.3",
      "resolved": "https://registry.npmjs.org/js-crypto-random/-/js-crypto-random-0.4.3.tgz",
      "integrity": "sha512-C3gzphPPfw9jfQ9Q/LjhJMZxQNp3AaoVRDvyZkiB+zYltfs8tKQPsskWkXACpg1Nzh01PtSRUvVijjptd2qGHQ==",
      "requires": {
        "js-crypto-env": "^0.3.2"
      }
    },
    "js-crypto-rsa": {
      "version": "0.6.3",
      "resolved": "https://registry.npmjs.org/js-crypto-rsa/-/js-crypto-rsa-0.6.3.tgz",
      "integrity": "sha512-6zmkagjxuNC+HsUUcuWTDkZ4OXcGTgnlDlRp7OJ9RkiMID6muaLHRRZY5O/NDvCrRFTeWl5afRZFIWMues5YVQ==",
      "requires": {
        "bn.js": "~5.1.0",
        "js-crypto-env": "^0.3.2",
        "js-crypto-hash": "^0.6.3",
        "js-crypto-key-utils": "^0.7.3",
        "js-crypto-random": "^0.4.3",
        "js-encoding-utils": "0.5.6"
      }
    },
    "js-encoding-utils": {
      "version": "0.5.6",
      "resolved": "https://registry.npmjs.org/js-encoding-utils/-/js-encoding-utils-0.5.6.tgz",
      "integrity": "sha512-qnAGsUIWrmzh5n+3AXqbxX1KsB9hkQmJZf3aA9DLAS7GpL/NEHCBreFFbW+imramoU+Q0TDyvkwhRbBRH1TVkg=="
    },
    "js-x509-utils": {
      "version": "0.5.3",
      "resolved": "https://registry.npmjs.org/js-x509-utils/-/js-x509-utils-0.5.3.tgz",
      "integrity": "sha512-D/OByePS2mFd9WvzgfJZqhZ6kqjPuz8+p2QiMWgbE10DuKnGunQrW+p+7S3HntLP+AbV6PNE3K7O0sMxWflAeA==",
      "requires": {
        "asn1.js": "~5.3.0",
        "asn1.js-rfc5280": "~3.0.0",
        "bn.js": "~5.1.0",
        "buffer": "~5.4.0",
        "js-crypto-ec": "^0.6.3",
        "js-crypto-key-utils": "^0.7.3",
        "js-crypto-random": "^0.4.3",
        "js-crypto-rsa": "^0.6.3",
        "js-encoding-utils": "0.5.6"
      }
    },
    "lodash.clonedeep": {
      "version": "4.5.0",
      "resolved": "https://registry.npmjs.org/lodash.clonedeep/-/lodash.clonedeep-4.5.0.tgz",
      "integrity": "sha1-4j8/nE+Pvd6HJSnBBxhXoIblzO8="
    },
    "lowercase-keys": {
      "version": "1.0.1",
      "resolved": "https://registry.npmjs.org/lowercase-keys/-/lowercase-keys-1.0.1.tgz",
      "integrity": "sha512-G2Lj61tXDnVFFOi8VZds+SoQjtQC3dgokKdDG2mTm1tx4m50NUHBOZSBwQQHyy0V12A0JTG4icfZQH+xPyh8VA=="
    },
    "md5": {
      "version": "2.2.1",
      "resolved": "https://registry.npmjs.org/md5/-/md5-2.2.1.tgz",
      "integrity": "sha1-U6s41f48iJG6RlMp6iP6wFQBJvk=",
      "requires": {
        "charenc": "~0.0.1",
        "crypt": "~0.0.1",
        "is-buffer": "~1.1.1"
      }
    },
    "minimalistic-assert": {
      "version": "1.0.1",
      "resolved": "https://registry.npmjs.org/minimalistic-assert/-/minimalistic-assert-1.0.1.tgz",
      "integrity": "sha512-UtJcAD4yEaGtjPezWuO9wC4nwUnVH/8/Im3yEHQP4b67cXlD/Qr9hdITCU1xDbSEXg2XKNaP8jsReV7vQd00/A=="
    },
    "minimalistic-crypto-utils": {
      "version": "1.0.1",
      "resolved": "https://registry.npmjs.org/minimalistic-crypto-utils/-/minimalistic-crypto-utils-1.0.1.tgz",
      "integrity": "sha1-9sAMHAsIIkblxNmd+4x8CDsrWCo="
    },
    "package-json": {
      "version": "4.0.1",
      "resolved": "https://registry.npmjs.org/package-json/-/package-json-4.0.1.tgz",
      "integrity": "sha1-iGmgQBJTZhxMTKPabCEh7VVfXu0=",
      "requires": {
        "got": "^6.7.1",
        "registry-auth-token": "^3.0.1",
        "registry-url": "^3.0.3",
        "semver": "^5.1.0"
      }
    },
    "pkcs7-padding": {
      "version": "0.1.1",
      "resolved": "https://registry.npmjs.org/pkcs7-padding/-/pkcs7-padding-0.1.1.tgz",
      "integrity": "sha512-tM/sUOL5FdH7x6gSLHTNDFi1bAut/EXGFp/Ih8uRkVd2IdXwb5QWnxBgQXn6buadj1pLi3CYKCnrxb+XoTz+Ww=="
    },
    "prepend-http": {
      "version": "1.0.4",
      "resolved": "https://registry.npmjs.org/prepend-http/-/prepend-http-1.0.4.tgz",
      "integrity": "sha1-1PRWKwzjaW5BrFLQ4ALlemNdxtw="
    },
    "rc": {
      "version": "1.2.8",
      "resolved": "https://registry.npmjs.org/rc/-/rc-1.2.8.tgz",
      "integrity": "sha512-y3bGgqKj3QBdxLbLkomlohkvsA8gdAiUQlSBJnBhfn+BPxg4bc62d8TcBW15wavDfgexCgccckhcZvywyQYPOw==",
      "requires": {
        "deep-extend": "^0.6.0",
        "ini": "~1.3.0",
        "minimist": "^1.2.0",
        "strip-json-comments": "~2.0.1"
      },
      "dependencies": {
        "minimist": {
          "version": "1.2.0",
          "resolved": "https://registry.npmjs.org/minimist/-/minimist-1.2.0.tgz",
          "integrity": "sha1-o1AIsg9BOD7sH7kU9M1d95omQoQ="
        }
      }
    },
    "registry-auth-token": {
      "version": "3.4.0",
      "resolved": "https://registry.npmjs.org/registry-auth-token/-/registry-auth-token-3.4.0.tgz",
      "integrity": "sha512-4LM6Fw8eBQdwMYcES4yTnn2TqIasbXuwDx3um+QRs7S55aMKCBKBxvPXl2RiUjHwuJLTyYfxSpmfSAjQpcuP+A==",
      "requires": {
        "rc": "^1.1.6",
        "safe-buffer": "^5.0.1"
      }
    },
    "registry-url": {
      "version": "3.1.0",
      "resolved": "https://registry.npmjs.org/registry-url/-/registry-url-3.1.0.tgz",
      "integrity": "sha1-PU74cPc93h138M+aOBQyRE4XSUI=",
      "requires": {
        "rc": "^1.0.1"
      }
    },
    "safe-buffer": {
      "version": "5.1.2",
      "resolved": "https://registry.npmjs.org/safe-buffer/-/safe-buffer-5.1.2.tgz",
      "integrity": "sha512-Gd2UZBJDkXlY7GbJxfsE8/nvKkUEU1G38c1siN6QP6a9PT9MmHB8GnpscSmMJSoF8LOIrt8ud/wPtojys4G6+g=="
    },
    "safer-buffer": {
      "version": "2.1.2",
      "resolved": "https://registry.npmjs.org/safer-buffer/-/safer-buffer-2.1.2.tgz",
      "integrity": "sha512-YZo3K82SD7Riyi0E1EQPojLz7kpepnSQI9IyPbHHg1XXXevb5dJI7tpyN2ADxGcQbHG7vcyRHk0cbwqcQriUtg=="
    },
    "semver": {
      "version": "5.7.1",
      "resolved": "https://registry.npmjs.org/semver/-/semver-5.7.1.tgz",
      "integrity": "sha512-sauaDf/PZdVgrLTNYHRtpXa1iRiKcaebiKQ1BJdpQlWH2lCvexQdX55snPFyK7QzpudqbCI0qXFfOasHdyNDGQ=="
    },
    "sha3": {
      "version": "2.1.1",
      "resolved": "https://registry.npmjs.org/sha3/-/sha3-2.1.1.tgz",
      "integrity": "sha512-hj6dCLbWByenZarg2gb2VFD9zoY5kr/FMriDcbtVDLJ5geOWGOJCI0jQUjAzoY/ZHlkt8BSEbh9KJEDT8AGuJQ==",
      "requires": {
        "buffer": "5.4.3"
      }
    },
    "strip-json-comments": {
      "version": "2.0.1",
      "resolved": "https://registry.npmjs.org/strip-json-comments/-/strip-json-comments-2.0.1.tgz",
      "integrity": "sha1-PFMZQukIwml8DsNEhYwobHygpgo="
    },
    "timed-out": {
      "version": "4.0.1",
      "resolved": "https://registry.npmjs.org/timed-out/-/timed-out-4.0.1.tgz",
      "integrity": "sha1-8y6srFoXW+ol1/q1Zas+2HQe9W8="
    },
    "unzip-response": {
      "version": "2.0.1",
      "resolved": "https://registry.npmjs.org/unzip-response/-/unzip-response-2.0.1.tgz",
      "integrity": "sha1-0vD3N9FrBhXnKmk17QQhRXLVb5c="
    },
    "url-parse-lax": {
      "version": "1.0.0",
      "resolved": "https://registry.npmjs.org/url-parse-lax/-/url-parse-lax-1.0.0.tgz",
      "integrity": "sha1-evjzA2Rem9eaJy56FKxovAYJ2nM=",
      "requires": {
        "prepend-http": "^1.0.1"
      }
    }
  }
}
